
Microsoft Visual Studio Solution File, Format Version 12.00
# Visual Studio 15
VisualStudioVersion = 15.0.28307.852
MinimumVisualStudioVersion = 10.0.40219.1
Project("{FAE04EC0-301F-11D3-BF4B-00C04F79EFBC}") = "XMLDövizKuru", "XMLDövizKuru.csproj", "{C19949AF-33E7-4107-89F6-CB7A649F13E5}"
EndProject
Global
	GlobalSection(SolutionConfigurationPlatforms) = preSolution
		Debug|Any CPU = Debug|Any CPU
		Release|Any CPU = Release|Any CPU
	EndGlobalSection
	GlobalSection(ProjectConfigurationPlatforms) = postSolution
		{C19949AF-33E7-4107-89F6-CB7A649F13E5}.Debug|Any CPU.ActiveCfg = Debug|Any CPU
		{C19949AF-33E7-4107-89F6-CB7A649F13E5}.Debug|Any CPU.Build.0 = Debug|Any CPU
		{C19949AF-33E7-4107-89F6-CB7A649F13E5}.Release|Any CPU.ActiveCfg = Release|Any CPU
		{C19949AF-33E7-4107-89F6-CB7A649F13E5}.Release|Any CPU.Build.0 = Release|Any CPU
	EndGlobalSection
	GlobalSection(SolutionProperties) = preSolution
		HideSolutionNode = FALSE
	EndGlobalSection
	GlobalSection(ExtensibilityGlobals) = postSolution
		SolutionGuid = {4FB0CE88-E798-4134-A2C6-45D60714FBC6}
	EndGlobalSection
EndGlobal
